
Microsoft Visual Studio Solution File, Format Version 12.00
# Visual Studio Version 17
VisualStudioVersion = 17.11.35219.272
MinimumVisualStudioVersion = 10.0.40219.1
Project("{FAE04EC0-301F-11D3-BF4B-00C04F79EFBC}") = "challenge assignmentweek 3.3", "challenge assignmentweek 3.3\challenge assignmentweek 3.3.csproj", "{D62FFC09-A7DC-441E-8FD9-BF94CEDBDC80}"
EndProject
Global
	GlobalSection(SolutionConfigurationPlatforms) = preSolution
		Debug|Any CPU = Debug|Any CPU
		Release|Any CPU = Release|Any CPU
	EndGlobalSection
	GlobalSection(ProjectConfigurationPlatforms) = postSolution
		{D62FFC09-A7DC-441E-8FD9-BF94CEDBDC80}.Debug|Any CPU.ActiveCfg = Debug|Any CPU
		{D62FFC09-A7DC-441E-8FD9-BF94CEDBDC80}.Debug|Any CPU.Build.0 = Debug|Any CPU
		{D62FFC09-A7DC-441E-8FD9-BF94CEDBDC80}.Release|Any CPU.ActiveCfg = Release|Any CPU
		{D62FFC09-A7DC-441E-8FD9-BF94CEDBDC80}.Release|Any CPU.Build.0 = Release|Any CPU
	EndGlobalSection
	GlobalSection(SolutionProperties) = preSolution
		HideSolutionNode = FALSE
	EndGlobalSection
	GlobalSection(ExtensibilityGlobals) = postSolution
		SolutionGuid = {977AEE01-2DB0-4656-9461-B3E3820B8197}
	EndGlobalSection
EndGlobal
